
Microsoft Visual Studio Solution File, Format Version 12.00
# Visual Studio 14
VisualStudioVersion = 14.0.25420.1
MinimumVisualStudioVersion = 10.0.40219.1
Project("{FAE04EC0-301F-11D3-BF4B-00C04F79EFBC}") = "ClassFoundation", "ClassFoundation\ClassFoundation.csproj", "{83456DB0-3CF0-43B6-BED9-BCE8EBDBF0CE}"
EndProject
Global
	GlobalSection(SolutionConfigurationPlatforms) = preSolution
		Debug|Any CPU = Debug|Any CPU
		Release|Any CPU = Release|Any CPU
	EndGlobalSection
	GlobalSection(ProjectConfigurationPlatforms) = postSolution
		{83456DB0-3CF0-43B6-BED9-BCE8EBDBF0CE}.Debug|Any CPU.ActiveCfg = Debug|Any CPU
		{83456DB0-3CF0-43B6-BED9-BCE8EBDBF0CE}.Debug|Any CPU.Build.0 = Debug|Any CPU
		{83456DB0-3CF0-43B6-BED9-BCE8EBDBF0CE}.Release|Any CPU.ActiveCfg = Release|Any CPU
		{83456DB0-3CF0-43B6-BED9-BCE8EBDBF0CE}.Release|Any CPU.Build.0 = Release|Any CPU
	EndGlobalSection
	GlobalSection(SolutionProperties) = preSolution
		HideSolutionNode = FALSE
	EndGlobalSection
	GlobalSection(ExtensibilityGlobals) = postSolution
		VisualSVNWorkingCopyRoot = .
	EndGlobalSection
EndGlobal
