
Microsoft Visual Studio Solution File, Format Version 12.00
# Visual Studio Version 16
VisualStudioVersion = 16.0.30406.217
MinimumVisualStudioVersion = 10.0.40219.1
Project("{FAE04EC0-301F-11D3-BF4B-00C04F79EFBC}") = "Dice", "Dice\Dice.csproj", "{10E6F20D-42F7-4474-B7F1-D218619227FD}"
EndProject
Global
	GlobalSection(SolutionConfigurationPlatforms) = preSolution
		Debug|Any CPU = Debug|Any CPU
		Release|Any CPU = Release|Any CPU
	EndGlobalSection
	GlobalSection(ProjectConfigurationPlatforms) = postSolution
		{10E6F20D-42F7-4474-B7F1-D218619227FD}.Debug|Any CPU.ActiveCfg = Debug|Any CPU
		{10E6F20D-42F7-4474-B7F1-D218619227FD}.Debug|Any CPU.Build.0 = Debug|Any CPU
		{10E6F20D-42F7-4474-B7F1-D218619227FD}.Release|Any CPU.ActiveCfg = Release|Any CPU
		{10E6F20D-42F7-4474-B7F1-D218619227FD}.Release|Any CPU.Build.0 = Release|Any CPU
	EndGlobalSection
	GlobalSection(SolutionProperties) = preSolution
		HideSolutionNode = FALSE
	EndGlobalSection
	GlobalSection(ExtensibilityGlobals) = postSolution
		VisualSVNWorkingCopyRoot = .
		SolutionGuid = {A7803259-3629-42AA-8C31-0C7B07276594}
	EndGlobalSection
EndGlobal
