
Microsoft Visual Studio Solution File, Format Version 12.00
# Visual Studio Version 16
VisualStudioVersion = 16.0.30225.117
MinimumVisualStudioVersion = 10.0.40219.1
Project("{FAE04EC0-301F-11D3-BF4B-00C04F79EFBC}") = "SpellEffects", "..\SpellEffects\SpellEffects\SpellEffects.csproj", "{42C4667B-EA1A-485B-8E69-9B7DECE19466}"
	ProjectSection(ProjectDependencies) = postProject
		{10E6F20D-42F7-4474-B7F1-D218619227FD} = {10E6F20D-42F7-4474-B7F1-D218619227FD}
		{0005EF19-1535-461A-83D9-0DE4FBB46A2B} = {0005EF19-1535-461A-83D9-0DE4FBB46A2B}
		{A8C1FC8A-C451-4FFA-A0F3-CC08FCEE2287} = {A8C1FC8A-C451-4FFA-A0F3-CC08FCEE2287}
		{0EE5D692-78D2-46F8-BCFC-536FB25EEE91} = {0EE5D692-78D2-46F8-BCFC-536FB25EEE91}
		{0BAFD8AA-C5E5-44DF-91D6-81214D07ECFE} = {0BAFD8AA-C5E5-44DF-91D6-81214D07ECFE}
		{365AB3F4-BDC0-4A11-9501-172A9E669B0A} = {365AB3F4-BDC0-4A11-9501-172A9E669B0A}
	EndProjectSection
EndProject
Project("{FAE04EC0-301F-11D3-BF4B-00C04F79EFBC}") = "AbilityScores", "..\AbilityScores\AbilityScores\AbilityScores.csproj", "{84E8B1E0-F43E-4ED6-947A-CCD6E5BA7A93}"
	ProjectSection(ProjectDependencies) = postProject
		{A8C1FC8A-C451-4FFA-A0F3-CC08FCEE2287} = {A8C1FC8A-C451-4FFA-A0F3-CC08FCEE2287}
		{0EE5D692-78D2-46F8-BCFC-536FB25EEE91} = {0EE5D692-78D2-46F8-BCFC-536FB25EEE91}
	EndProjectSection
EndProject
Project("{FAE04EC0-301F-11D3-BF4B-00C04F79EFBC}") = "OnGoing", "..\OnGoing\OnGoing\OnGoing.csproj", "{0005EF19-1535-461A-83D9-0DE4FBB46A2B}"
EndProject
Project("{FAE04EC0-301F-11D3-BF4B-00C04F79EFBC}") = "CommonInterFacesDD", "..\CommonInterFacesDD\CommonInterFacesDD\CommonInterFacesDD.csproj", "{365AB3F4-BDC0-4A11-9501-172A9E669B0A}"
EndProject
Project("{FAE04EC0-301F-11D3-BF4B-00C04F79EFBC}") = "CommonStrings", "..\CommonStrings\CommonStrings\CommonStrings.csproj", "{23332DB9-F44B-4D0C-8C00-F743F32F85D9}"
EndProject
Project("{FAE04EC0-301F-11D3-BF4B-00C04F79EFBC}") = "Utilities", "..\Utilities\Utilities\Utilities.csproj", "{282F735A-63C1-4772-9CFB-0AF57DA37A49}"
	ProjectSection(ProjectDependencies) = postProject
		{0005EF19-1535-461A-83D9-0DE4FBB46A2B} = {0005EF19-1535-461A-83D9-0DE4FBB46A2B}
		{A8C1FC8A-C451-4FFA-A0F3-CC08FCEE2287} = {A8C1FC8A-C451-4FFA-A0F3-CC08FCEE2287}
		{0EE5D692-78D2-46F8-BCFC-536FB25EEE91} = {0EE5D692-78D2-46F8-BCFC-536FB25EEE91}
		{23332DB9-F44B-4D0C-8C00-F743F32F85D9} = {23332DB9-F44B-4D0C-8C00-F743F32F85D9}
	EndProjectSection
EndProject
Project("{FAE04EC0-301F-11D3-BF4B-00C04F79EFBC}") = "CommonStatBlockInfo", "..\CommonStatBlockInfo\CommonStatBlockInfo\CommonStatBlockInfo.csproj", "{0EE5D692-78D2-46F8-BCFC-536FB25EEE91}"
	ProjectSection(ProjectDependencies) = postProject
		{0005EF19-1535-461A-83D9-0DE4FBB46A2B} = {0005EF19-1535-461A-83D9-0DE4FBB46A2B}
		{A8C1FC8A-C451-4FFA-A0F3-CC08FCEE2287} = {A8C1FC8A-C451-4FFA-A0F3-CC08FCEE2287}
	EndProjectSection
EndProject
Project("{FAE04EC0-301F-11D3-BF4B-00C04F79EFBC}") = "Skills", "..\Skills\Skills\Skills.csproj", "{4D907D27-71F0-4553-83B0-01B54316891A}"
	ProjectSection(ProjectDependencies) = postProject
		{282F735A-63C1-4772-9CFB-0AF57DA37A49} = {282F735A-63C1-4772-9CFB-0AF57DA37A49}
		{A8C1FC8A-C451-4FFA-A0F3-CC08FCEE2287} = {A8C1FC8A-C451-4FFA-A0F3-CC08FCEE2287}
		{0EE5D692-78D2-46F8-BCFC-536FB25EEE91} = {0EE5D692-78D2-46F8-BCFC-536FB25EEE91}
	EndProjectSection
EndProject
Project("{FAE04EC0-301F-11D3-BF4B-00C04F79EFBC}") = "Bloodlines", "..\Bloodlines\Bloodlines\Bloodlines.csproj", "{8537FCB2-9132-4C5A-B488-2F9371F9F45B}"
	ProjectSection(ProjectDependencies) = postProject
		{0005EF19-1535-461A-83D9-0DE4FBB46A2B} = {0005EF19-1535-461A-83D9-0DE4FBB46A2B}
		{4D907D27-71F0-4553-83B0-01B54316891A} = {4D907D27-71F0-4553-83B0-01B54316891A}
	EndProjectSection
EndProject
Project("{FAE04EC0-301F-11D3-BF4B-00C04F79EFBC}") = "Patrons", "..\Patrons\Patrons\Patrons.csproj", "{32479E1A-10CA-4ACD-B31E-93286E6BFF05}"
EndProject
Project("{FAE04EC0-301F-11D3-BF4B-00C04F79EFBC}") = "OracleMysteries", "..\OracleMysteries\OracleMysteries\OracleMysteries.csproj", "{F2FB6A7E-B3E3-4310-A8B5-E18106C57301}"
	ProjectSection(ProjectDependencies) = postProject
		{0EE5D692-78D2-46F8-BCFC-536FB25EEE91} = {0EE5D692-78D2-46F8-BCFC-536FB25EEE91}
	EndProjectSection
EndProject
Project("{FAE04EC0-301F-11D3-BF4B-00C04F79EFBC}") = "ClericDomains", "..\ClericDomains\ClericDomains\ClericDomains.csproj", "{9BE22D60-08A8-4D06-9137-A85F75C0CB90}"
	ProjectSection(ProjectDependencies) = postProject
		{0005EF19-1535-461A-83D9-0DE4FBB46A2B} = {0005EF19-1535-461A-83D9-0DE4FBB46A2B}
		{282F735A-63C1-4772-9CFB-0AF57DA37A49} = {282F735A-63C1-4772-9CFB-0AF57DA37A49}
		{A8C1FC8A-C451-4FFA-A0F3-CC08FCEE2287} = {A8C1FC8A-C451-4FFA-A0F3-CC08FCEE2287}
	EndProjectSection
EndProject
Project("{FAE04EC0-301F-11D3-BF4B-00C04F79EFBC}") = "ReflectionFoundation", "..\ReflectionFoundation\ReflectionFoundation\ReflectionFoundation.csproj", "{7030D192-2620-4BF9-997B-276F18A40C68}"
EndProject
Project("{FAE04EC0-301F-11D3-BF4B-00C04F79EFBC}") = "MagicItemAbilityWrapper", "..\MagicItemAbilityWrapper\MagicItemAbilityWrapper.csproj", "{246808E9-2BB6-4B6C-ACCF-C3655583CC84}"
	ProjectSection(ProjectDependencies) = postProject
		{0005EF19-1535-461A-83D9-0DE4FBB46A2B} = {0005EF19-1535-461A-83D9-0DE4FBB46A2B}
		{365AB3F4-BDC0-4A11-9501-172A9E669B0A} = {365AB3F4-BDC0-4A11-9501-172A9E669B0A}
	EndProjectSection
EndProject
Project("{FAE04EC0-301F-11D3-BF4B-00C04F79EFBC}") = "MagicItemAbilities", "..\MagicItemAbilities\MagicItemAbilities.csproj", "{3091FD16-5D67-4C1F-AE73-180CA2EC66C6}"
	ProjectSection(ProjectDependencies) = postProject
		{0005EF19-1535-461A-83D9-0DE4FBB46A2B} = {0005EF19-1535-461A-83D9-0DE4FBB46A2B}
		{0EE5D692-78D2-46F8-BCFC-536FB25EEE91} = {0EE5D692-78D2-46F8-BCFC-536FB25EEE91}
		{246808E9-2BB6-4B6C-ACCF-C3655583CC84} = {246808E9-2BB6-4B6C-ACCF-C3655583CC84}
		{365AB3F4-BDC0-4A11-9501-172A9E669B0A} = {365AB3F4-BDC0-4A11-9501-172A9E669B0A}
	EndProjectSection
EndProject
Project("{FAE04EC0-301F-11D3-BF4B-00C04F79EFBC}") = "FeatFoundational", "..\FeatFoundation\FeatFoundation\FeatFoundational.csproj", "{B13FA961-DB9F-4442-8303-0D86C4268B0D}"
EndProject
Project("{FAE04EC0-301F-11D3-BF4B-00C04F79EFBC}") = "FeatManager", "..\FeatManager\FeatManager\FeatManager.csproj", "{A86F4DA2-FA54-4DB5-87C2-786108E66F17}"
	ProjectSection(ProjectDependencies) = postProject
		{282F735A-63C1-4772-9CFB-0AF57DA37A49} = {282F735A-63C1-4772-9CFB-0AF57DA37A49}
		{B13FA961-DB9F-4442-8303-0D86C4268B0D} = {B13FA961-DB9F-4442-8303-0D86C4268B0D}
		{A8C1FC8A-C451-4FFA-A0F3-CC08FCEE2287} = {A8C1FC8A-C451-4FFA-A0F3-CC08FCEE2287}
		{7030D192-2620-4BF9-997B-276F18A40C68} = {7030D192-2620-4BF9-997B-276F18A40C68}
	EndProjectSection
EndProject
Project("{FAE04EC0-301F-11D3-BF4B-00C04F79EFBC}") = "RaceFoundational", "..\RaceFoundation\RaceFoundational.csproj", "{0235B1F3-3979-4907-A292-844BFEA3BEBF}"
	ProjectSection(ProjectDependencies) = postProject
		{0005EF19-1535-461A-83D9-0DE4FBB46A2B} = {0005EF19-1535-461A-83D9-0DE4FBB46A2B}
		{0EE5D692-78D2-46F8-BCFC-536FB25EEE91} = {0EE5D692-78D2-46F8-BCFC-536FB25EEE91}
	EndProjectSection
EndProject
Project("{FAE04EC0-301F-11D3-BF4B-00C04F79EFBC}") = "RaceManager", "..\RaceManager\RaceManager\RaceManager.csproj", "{C7784B30-606E-4C83-8672-543C53B61FD9}"
	ProjectSection(ProjectDependencies) = postProject
		{7030D192-2620-4BF9-997B-276F18A40C68} = {7030D192-2620-4BF9-997B-276F18A40C68}
		{0235B1F3-3979-4907-A292-844BFEA3BEBF} = {0235B1F3-3979-4907-A292-844BFEA3BEBF}
	EndProjectSection
EndProject
Project("{FAE04EC0-301F-11D3-BF4B-00C04F79EFBC}") = "RaceDetails", "..\RaceDetails\RaceDetails\RaceDetails.csproj", "{7D4485E6-4568-4EC2-AD47-88FFE5AFBFDB}"
	ProjectSection(ProjectDependencies) = postProject
		{0005EF19-1535-461A-83D9-0DE4FBB46A2B} = {0005EF19-1535-461A-83D9-0DE4FBB46A2B}
		{0EE5D692-78D2-46F8-BCFC-536FB25EEE91} = {0EE5D692-78D2-46F8-BCFC-536FB25EEE91}
		{0235B1F3-3979-4907-A292-844BFEA3BEBF} = {0235B1F3-3979-4907-A292-844BFEA3BEBF}
	EndProjectSection
EndProject
Project("{FAE04EC0-301F-11D3-BF4B-00C04F79EFBC}") = "ClassFoundational", "..\ClassFoundation\ClassFoundation\ClassFoundational.csproj", "{83456DB0-3CF0-43B6-BED9-BCE8EBDBF0CE}"
	ProjectSection(ProjectDependencies) = postProject
		{0005EF19-1535-461A-83D9-0DE4FBB46A2B} = {0005EF19-1535-461A-83D9-0DE4FBB46A2B}
		{32479E1A-10CA-4ACD-B31E-93286E6BFF05} = {32479E1A-10CA-4ACD-B31E-93286E6BFF05}
		{4D907D27-71F0-4553-83B0-01B54316891A} = {4D907D27-71F0-4553-83B0-01B54316891A}
		{9BE22D60-08A8-4D06-9137-A85F75C0CB90} = {9BE22D60-08A8-4D06-9137-A85F75C0CB90}
		{F2FB6A7E-B3E3-4310-A8B5-E18106C57301} = {F2FB6A7E-B3E3-4310-A8B5-E18106C57301}
		{0EE5D692-78D2-46F8-BCFC-536FB25EEE91} = {0EE5D692-78D2-46F8-BCFC-536FB25EEE91}
		{8537FCB2-9132-4C5A-B488-2F9371F9F45B} = {8537FCB2-9132-4C5A-B488-2F9371F9F45B}
	EndProjectSection
EndProject
Project("{FAE04EC0-301F-11D3-BF4B-00C04F79EFBC}") = "ClassDetails", "..\ClassDetails\ClassDetails\ClassDetails.csproj", "{039EFC5F-EA94-4F55-8D7B-0C571569E000}"
	ProjectSection(ProjectDependencies) = postProject
		{0005EF19-1535-461A-83D9-0DE4FBB46A2B} = {0005EF19-1535-461A-83D9-0DE4FBB46A2B}
		{32479E1A-10CA-4ACD-B31E-93286E6BFF05} = {32479E1A-10CA-4ACD-B31E-93286E6BFF05}
		{4D907D27-71F0-4553-83B0-01B54316891A} = {4D907D27-71F0-4553-83B0-01B54316891A}
		{282F735A-63C1-4772-9CFB-0AF57DA37A49} = {282F735A-63C1-4772-9CFB-0AF57DA37A49}
		{9BE22D60-08A8-4D06-9137-A85F75C0CB90} = {9BE22D60-08A8-4D06-9137-A85F75C0CB90}
		{F2FB6A7E-B3E3-4310-A8B5-E18106C57301} = {F2FB6A7E-B3E3-4310-A8B5-E18106C57301}
		{A8C1FC8A-C451-4FFA-A0F3-CC08FCEE2287} = {A8C1FC8A-C451-4FFA-A0F3-CC08FCEE2287}
		{7030D192-2620-4BF9-997B-276F18A40C68} = {7030D192-2620-4BF9-997B-276F18A40C68}
		{0EE5D692-78D2-46F8-BCFC-536FB25EEE91} = {0EE5D692-78D2-46F8-BCFC-536FB25EEE91}
		{83456DB0-3CF0-43B6-BED9-BCE8EBDBF0CE} = {83456DB0-3CF0-43B6-BED9-BCE8EBDBF0CE}
		{8537FCB2-9132-4C5A-B488-2F9371F9F45B} = {8537FCB2-9132-4C5A-B488-2F9371F9F45B}
	EndProjectSection
EndProject
Project("{FAE04EC0-301F-11D3-BF4B-00C04F79EFBC}") = "ClassManager", "..\ClassManager\ClassManager\ClassManager.csproj", "{6692A464-3EE2-40F6-8F9B-5545E0CD49FA}"
	ProjectSection(ProjectDependencies) = postProject
		{0005EF19-1535-461A-83D9-0DE4FBB46A2B} = {0005EF19-1535-461A-83D9-0DE4FBB46A2B}
		{4D907D27-71F0-4553-83B0-01B54316891A} = {4D907D27-71F0-4553-83B0-01B54316891A}
		{282F735A-63C1-4772-9CFB-0AF57DA37A49} = {282F735A-63C1-4772-9CFB-0AF57DA37A49}
		{F2FB6A7E-B3E3-4310-A8B5-E18106C57301} = {F2FB6A7E-B3E3-4310-A8B5-E18106C57301}
		{A8C1FC8A-C451-4FFA-A0F3-CC08FCEE2287} = {A8C1FC8A-C451-4FFA-A0F3-CC08FCEE2287}
		{7030D192-2620-4BF9-997B-276F18A40C68} = {7030D192-2620-4BF9-997B-276F18A40C68}
		{0EE5D692-78D2-46F8-BCFC-536FB25EEE91} = {0EE5D692-78D2-46F8-BCFC-536FB25EEE91}
		{83456DB0-3CF0-43B6-BED9-BCE8EBDBF0CE} = {83456DB0-3CF0-43B6-BED9-BCE8EBDBF0CE}
		{8537FCB2-9132-4C5A-B488-2F9371F9F45B} = {8537FCB2-9132-4C5A-B488-2F9371F9F45B}
		{23332DB9-F44B-4D0C-8C00-F743F32F85D9} = {23332DB9-F44B-4D0C-8C00-F743F32F85D9}
	EndProjectSection
EndProject
Project("{FAE04EC0-301F-11D3-BF4B-00C04F79EFBC}") = "CreatureTypeFoundational", "..\CreatureTypeFoundation\CreatureTypeFoundation\CreatureTypeFoundational.csproj", "{87BA0B82-4E95-4FB1-8415-EC53C5E19994}"
	ProjectSection(ProjectDependencies) = postProject
		{0EE5D692-78D2-46F8-BCFC-536FB25EEE91} = {0EE5D692-78D2-46F8-BCFC-536FB25EEE91}
	EndProjectSection
EndProject
Project("{FAE04EC0-301F-11D3-BF4B-00C04F79EFBC}") = "CreatureTypeManager", "..\CreatureTypeManager\CreatureTypeManager\CreatureTypeManager.csproj", "{1C3EF30A-23F2-4B02-BCD7-3456DAF19E78}"
	ProjectSection(ProjectDependencies) = postProject
		{282F735A-63C1-4772-9CFB-0AF57DA37A49} = {282F735A-63C1-4772-9CFB-0AF57DA37A49}
		{87BA0B82-4E95-4FB1-8415-EC53C5E19994} = {87BA0B82-4E95-4FB1-8415-EC53C5E19994}
		{A8C1FC8A-C451-4FFA-A0F3-CC08FCEE2287} = {A8C1FC8A-C451-4FFA-A0F3-CC08FCEE2287}
		{7030D192-2620-4BF9-997B-276F18A40C68} = {7030D192-2620-4BF9-997B-276F18A40C68}
		{0EE5D692-78D2-46F8-BCFC-536FB25EEE91} = {0EE5D692-78D2-46F8-BCFC-536FB25EEE91}
	EndProjectSection
EndProject
Project("{FAE04EC0-301F-11D3-BF4B-00C04F79EFBC}") = "CreatureTypeDetails", "..\CreatureTypeDetails\CreatureTypeDetails\CreatureTypeDetails.csproj", "{6E313AD1-5939-4F38-9F7C-05B66BEDAA8D}"
	ProjectSection(ProjectDependencies) = postProject
		{87BA0B82-4E95-4FB1-8415-EC53C5E19994} = {87BA0B82-4E95-4FB1-8415-EC53C5E19994}
		{0EE5D692-78D2-46F8-BCFC-536FB25EEE91} = {0EE5D692-78D2-46F8-BCFC-536FB25EEE91}
	EndProjectSection
EndProject
Project("{FAE04EC0-301F-11D3-BF4B-00C04F79EFBC}") = "PathfinderDomains", "..\PathfinderDomains\PathfinderDomains\PathfinderDomains.csproj", "{ADA196BC-3802-4D35-AB3D-1F6AD129795B}"
EndProject
Project("{FAE04EC0-301F-11D3-BF4B-00C04F79EFBC}") = "PathfinderContext", "..\PathfinderContext\PathfinderContext\PathfinderContext.csproj", "{2CC9FC2E-EBD9-4411-B504-BD059A929A2B}"
	ProjectSection(ProjectDependencies) = postProject
		{3C60F23E-854F-4496-9213-9AEDAD098444} = {3C60F23E-854F-4496-9213-9AEDAD098444}
		{ADA196BC-3802-4D35-AB3D-1F6AD129795B} = {ADA196BC-3802-4D35-AB3D-1F6AD129795B}
	EndProjectSection
EndProject
Project("{FAE04EC0-301F-11D3-BF4B-00C04F79EFBC}") = "EquipmentBasic", "..\EquipmentBasic\EquipmentBasic\EquipmentBasic.csproj", "{0E5B2239-D4EA-46D8-8F27-9A672E2C7451}"
	ProjectSection(ProjectDependencies) = postProject
		{2CC9FC2E-EBD9-4411-B504-BD059A929A2B} = {2CC9FC2E-EBD9-4411-B504-BD059A929A2B}
		{282F735A-63C1-4772-9CFB-0AF57DA37A49} = {282F735A-63C1-4772-9CFB-0AF57DA37A49}
		{A8C1FC8A-C451-4FFA-A0F3-CC08FCEE2287} = {A8C1FC8A-C451-4FFA-A0F3-CC08FCEE2287}
		{0EE5D692-78D2-46F8-BCFC-536FB25EEE91} = {0EE5D692-78D2-46F8-BCFC-536FB25EEE91}
		{23332DB9-F44B-4D0C-8C00-F743F32F85D9} = {23332DB9-F44B-4D0C-8C00-F743F32F85D9}
		{ADA196BC-3802-4D35-AB3D-1F6AD129795B} = {ADA196BC-3802-4D35-AB3D-1F6AD129795B}
		{365AB3F4-BDC0-4A11-9501-172A9E669B0A} = {365AB3F4-BDC0-4A11-9501-172A9E669B0A}
	EndProjectSection
EndProject
Project("{FAE04EC0-301F-11D3-BF4B-00C04F79EFBC}") = "NHibernateLibraries", "..\NHibernateLibraries\NHibernateLibraries\NHibernateLibraries.csproj", "{3C60F23E-854F-4496-9213-9AEDAD098444}"
EndProject
Project("{FAE04EC0-301F-11D3-BF4B-00C04F79EFBC}") = "Extensions", "..\Extensions\Extensions\Extensions.csproj", "{BE524E96-47CE-41B2-A379-E94EBA28A3E9}"
EndProject
Project("{FAE04EC0-301F-11D3-BF4B-00C04F79EFBC}") = "StatBlockCommon", "..\StatBlockCommon\StatBlockCommon\StatBlockCommon.csproj", "{0BAFD8AA-C5E5-44DF-91D6-81214D07ECFE}"
	ProjectSection(ProjectDependencies) = postProject
		{0005EF19-1535-461A-83D9-0DE4FBB46A2B} = {0005EF19-1535-461A-83D9-0DE4FBB46A2B}
		{0E5B2239-D4EA-46D8-8F27-9A672E2C7451} = {0E5B2239-D4EA-46D8-8F27-9A672E2C7451}
		{282F735A-63C1-4772-9CFB-0AF57DA37A49} = {282F735A-63C1-4772-9CFB-0AF57DA37A49}
		{6692A464-3EE2-40F6-8F9B-5545E0CD49FA} = {6692A464-3EE2-40F6-8F9B-5545E0CD49FA}
		{A8C1FC8A-C451-4FFA-A0F3-CC08FCEE2287} = {A8C1FC8A-C451-4FFA-A0F3-CC08FCEE2287}
		{0EE5D692-78D2-46F8-BCFC-536FB25EEE91} = {0EE5D692-78D2-46F8-BCFC-536FB25EEE91}
		{BE524E96-47CE-41B2-A379-E94EBA28A3E9} = {BE524E96-47CE-41B2-A379-E94EBA28A3E9}
		{23332DB9-F44B-4D0C-8C00-F743F32F85D9} = {23332DB9-F44B-4D0C-8C00-F743F32F85D9}
		{246808E9-2BB6-4B6C-ACCF-C3655583CC84} = {246808E9-2BB6-4B6C-ACCF-C3655583CC84}
		{0235B1F3-3979-4907-A292-844BFEA3BEBF} = {0235B1F3-3979-4907-A292-844BFEA3BEBF}
		{365AB3F4-BDC0-4A11-9501-172A9E669B0A} = {365AB3F4-BDC0-4A11-9501-172A9E669B0A}
	EndProjectSection
EndProject
Project("{FAE04EC0-301F-11D3-BF4B-00C04F79EFBC}") = "TemplateFoundational", "..\TemplateFoundation\TemplateFoundation\TemplateFoundational.csproj", "{1B39309A-9797-4600-AF23-84B8F8BEBD45}"
	ProjectSection(ProjectDependencies) = postProject
		{0EE5D692-78D2-46F8-BCFC-536FB25EEE91} = {0EE5D692-78D2-46F8-BCFC-536FB25EEE91}
		{0BAFD8AA-C5E5-44DF-91D6-81214D07ECFE} = {0BAFD8AA-C5E5-44DF-91D6-81214D07ECFE}
	EndProjectSection
EndProject
Project("{FAE04EC0-301F-11D3-BF4B-00C04F79EFBC}") = "TemplateManager", "..\TemplateManager\TemplateManager\TemplateManager.csproj", "{E6056806-15BB-4732-BE10-7E35F26FE255}"
	ProjectSection(ProjectDependencies) = postProject
		{282F735A-63C1-4772-9CFB-0AF57DA37A49} = {282F735A-63C1-4772-9CFB-0AF57DA37A49}
		{A8C1FC8A-C451-4FFA-A0F3-CC08FCEE2287} = {A8C1FC8A-C451-4FFA-A0F3-CC08FCEE2287}
		{7030D192-2620-4BF9-997B-276F18A40C68} = {7030D192-2620-4BF9-997B-276F18A40C68}
		{0EE5D692-78D2-46F8-BCFC-536FB25EEE91} = {0EE5D692-78D2-46F8-BCFC-536FB25EEE91}
		{1B39309A-9797-4600-AF23-84B8F8BEBD45} = {1B39309A-9797-4600-AF23-84B8F8BEBD45}
		{0BAFD8AA-C5E5-44DF-91D6-81214D07ECFE} = {0BAFD8AA-C5E5-44DF-91D6-81214D07ECFE}
		{23332DB9-F44B-4D0C-8C00-F743F32F85D9} = {23332DB9-F44B-4D0C-8C00-F743F32F85D9}
	EndProjectSection
EndProject
Project("{FAE04EC0-301F-11D3-BF4B-00C04F79EFBC}") = "TemplateDetails", "..\TemplateDetails\TemplateDetails\TemplateDetails.csproj", "{E8676EEC-789A-4B78-92B2-04859A5F323F}"
	ProjectSection(ProjectDependencies) = postProject
		{1C3EF30A-23F2-4B02-BCD7-3456DAF19E78} = {1C3EF30A-23F2-4B02-BCD7-3456DAF19E78}
		{282F735A-63C1-4772-9CFB-0AF57DA37A49} = {282F735A-63C1-4772-9CFB-0AF57DA37A49}
		{87BA0B82-4E95-4FB1-8415-EC53C5E19994} = {87BA0B82-4E95-4FB1-8415-EC53C5E19994}
		{A8C1FC8A-C451-4FFA-A0F3-CC08FCEE2287} = {A8C1FC8A-C451-4FFA-A0F3-CC08FCEE2287}
		{0EE5D692-78D2-46F8-BCFC-536FB25EEE91} = {0EE5D692-78D2-46F8-BCFC-536FB25EEE91}
		{1B39309A-9797-4600-AF23-84B8F8BEBD45} = {1B39309A-9797-4600-AF23-84B8F8BEBD45}
		{0BAFD8AA-C5E5-44DF-91D6-81214D07ECFE} = {0BAFD8AA-C5E5-44DF-91D6-81214D07ECFE}
		{6E313AD1-5939-4F38-9F7C-05B66BEDAA8D} = {6E313AD1-5939-4F38-9F7C-05B66BEDAA8D}
	EndProjectSection
EndProject
Project("{FAE04EC0-301F-11D3-BF4B-00C04F79EFBC}") = "StatBlockChecker", "..\StatBlockChecker\StatBlockChecker.csproj", "{39FF2041-705B-41F3-AC05-B98CD1D0F434}"
	ProjectSection(ProjectDependencies) = postProject
		{E6056806-15BB-4732-BE10-7E35F26FE255} = {E6056806-15BB-4732-BE10-7E35F26FE255}
		{1C3EF30A-23F2-4B02-BCD7-3456DAF19E78} = {1C3EF30A-23F2-4B02-BCD7-3456DAF19E78}
		{0005EF19-1535-461A-83D9-0DE4FBB46A2B} = {0005EF19-1535-461A-83D9-0DE4FBB46A2B}
		{4D907D27-71F0-4553-83B0-01B54316891A} = {4D907D27-71F0-4553-83B0-01B54316891A}
		{C7784B30-606E-4C83-8672-543C53B61FD9} = {C7784B30-606E-4C83-8672-543C53B61FD9}
		{0E5B2239-D4EA-46D8-8F27-9A672E2C7451} = {0E5B2239-D4EA-46D8-8F27-9A672E2C7451}
		{282F735A-63C1-4772-9CFB-0AF57DA37A49} = {282F735A-63C1-4772-9CFB-0AF57DA37A49}
		{B13FA961-DB9F-4442-8303-0D86C4268B0D} = {B13FA961-DB9F-4442-8303-0D86C4268B0D}
		{6692A464-3EE2-40F6-8F9B-5545E0CD49FA} = {6692A464-3EE2-40F6-8F9B-5545E0CD49FA}
		{87BA0B82-4E95-4FB1-8415-EC53C5E19994} = {87BA0B82-4E95-4FB1-8415-EC53C5E19994}
		{A8C1FC8A-C451-4FFA-A0F3-CC08FCEE2287} = {A8C1FC8A-C451-4FFA-A0F3-CC08FCEE2287}
		{0EE5D692-78D2-46F8-BCFC-536FB25EEE91} = {0EE5D692-78D2-46F8-BCFC-536FB25EEE91}
		{1B39309A-9797-4600-AF23-84B8F8BEBD45} = {1B39309A-9797-4600-AF23-84B8F8BEBD45}
		{A86F4DA2-FA54-4DB5-87C2-786108E66F17} = {A86F4DA2-FA54-4DB5-87C2-786108E66F17}
		{0BAFD8AA-C5E5-44DF-91D6-81214D07ECFE} = {0BAFD8AA-C5E5-44DF-91D6-81214D07ECFE}
		{83456DB0-3CF0-43B6-BED9-BCE8EBDBF0CE} = {83456DB0-3CF0-43B6-BED9-BCE8EBDBF0CE}
		{23332DB9-F44B-4D0C-8C00-F743F32F85D9} = {23332DB9-F44B-4D0C-8C00-F743F32F85D9}
		{ADA196BC-3802-4D35-AB3D-1F6AD129795B} = {ADA196BC-3802-4D35-AB3D-1F6AD129795B}
		{98D15FCA-817A-433F-BCCE-7661552FF167} = {98D15FCA-817A-433F-BCCE-7661552FF167}
		{84E8B1E0-F43E-4ED6-947A-CCD6E5BA7A93} = {84E8B1E0-F43E-4ED6-947A-CCD6E5BA7A93}
		{246808E9-2BB6-4B6C-ACCF-C3655583CC84} = {246808E9-2BB6-4B6C-ACCF-C3655583CC84}
		{0235B1F3-3979-4907-A292-844BFEA3BEBF} = {0235B1F3-3979-4907-A292-844BFEA3BEBF}
		{365AB3F4-BDC0-4A11-9501-172A9E669B0A} = {365AB3F4-BDC0-4A11-9501-172A9E669B0A}
	EndProjectSection
EndProject
Project("{FAE04EC0-301F-11D3-BF4B-00C04F79EFBC}") = "Dice", "..\Dice\Dice\Dice.csproj", "{10E6F20D-42F7-4474-B7F1-D218619227FD}"
EndProject
Project("{FAE04EC0-301F-11D3-BF4B-00C04F79EFBC}") = "EquipmentBusiness", "..\EquipmentBusiness\EquipmentBusiness.csproj", "{AA8B479C-7AE9-4155-8FF9-724CD3D69387}"
	ProjectSection(ProjectDependencies) = postProject
		{A8C1FC8A-C451-4FFA-A0F3-CC08FCEE2287} = {A8C1FC8A-C451-4FFA-A0F3-CC08FCEE2287}
	EndProjectSection
EndProject
Project("{FAE04EC0-301F-11D3-BF4B-00C04F79EFBC}") = "PathfinderGlobals", "..\PathfinderGlobals\PathfinderGlobals.csproj", "{A8C1FC8A-C451-4FFA-A0F3-CC08FCEE2287}"
EndProject
Project("{FAE04EC0-301F-11D3-BF4B-00C04F79EFBC}") = "StatBlockFormating", "..\StatBlockFormating\StatBlockFormating.csproj", "{40395776-6873-484A-A475-3C01D8075B0F}"
	ProjectSection(ProjectDependencies) = postProject
		{2CC9FC2E-EBD9-4411-B504-BD059A929A2B} = {2CC9FC2E-EBD9-4411-B504-BD059A929A2B}
		{282F735A-63C1-4772-9CFB-0AF57DA37A49} = {282F735A-63C1-4772-9CFB-0AF57DA37A49}
		{A8C1FC8A-C451-4FFA-A0F3-CC08FCEE2287} = {A8C1FC8A-C451-4FFA-A0F3-CC08FCEE2287}
		{0EE5D692-78D2-46F8-BCFC-536FB25EEE91} = {0EE5D692-78D2-46F8-BCFC-536FB25EEE91}
		{0BAFD8AA-C5E5-44DF-91D6-81214D07ECFE} = {0BAFD8AA-C5E5-44DF-91D6-81214D07ECFE}
		{23332DB9-F44B-4D0C-8C00-F743F32F85D9} = {23332DB9-F44B-4D0C-8C00-F743F32F85D9}
	EndProjectSection
EndProject
Project("{FAE04EC0-301F-11D3-BF4B-00C04F79EFBC}") = "StatBlockParsing", "..\StatBlockParsing\StatBlockParsing.csproj", "{D16FB54D-DE91-400A-B27E-07BD143808C1}"
	ProjectSection(ProjectDependencies) = postProject
		{1C3EF30A-23F2-4B02-BCD7-3456DAF19E78} = {1C3EF30A-23F2-4B02-BCD7-3456DAF19E78}
		{0005EF19-1535-461A-83D9-0DE4FBB46A2B} = {0005EF19-1535-461A-83D9-0DE4FBB46A2B}
		{2CC9FC2E-EBD9-4411-B504-BD059A929A2B} = {2CC9FC2E-EBD9-4411-B504-BD059A929A2B}
		{0E5B2239-D4EA-46D8-8F27-9A672E2C7451} = {0E5B2239-D4EA-46D8-8F27-9A672E2C7451}
		{282F735A-63C1-4772-9CFB-0AF57DA37A49} = {282F735A-63C1-4772-9CFB-0AF57DA37A49}
		{40395776-6873-484A-A475-3C01D8075B0F} = {40395776-6873-484A-A475-3C01D8075B0F}
		{A8C1FC8A-C451-4FFA-A0F3-CC08FCEE2287} = {A8C1FC8A-C451-4FFA-A0F3-CC08FCEE2287}
		{0EE5D692-78D2-46F8-BCFC-536FB25EEE91} = {0EE5D692-78D2-46F8-BCFC-536FB25EEE91}
		{AA8B479C-7AE9-4155-8FF9-724CD3D69387} = {AA8B479C-7AE9-4155-8FF9-724CD3D69387}
		{0BAFD8AA-C5E5-44DF-91D6-81214D07ECFE} = {0BAFD8AA-C5E5-44DF-91D6-81214D07ECFE}
		{23332DB9-F44B-4D0C-8C00-F743F32F85D9} = {23332DB9-F44B-4D0C-8C00-F743F32F85D9}
		{ADA196BC-3802-4D35-AB3D-1F6AD129795B} = {ADA196BC-3802-4D35-AB3D-1F6AD129795B}
		{98D15FCA-817A-433F-BCCE-7661552FF167} = {98D15FCA-817A-433F-BCCE-7661552FF167}
		{0235B1F3-3979-4907-A292-844BFEA3BEBF} = {0235B1F3-3979-4907-A292-844BFEA3BEBF}
		{365AB3F4-BDC0-4A11-9501-172A9E669B0A} = {365AB3F4-BDC0-4A11-9501-172A9E669B0A}
	EndProjectSection
EndProject
Project("{FAE04EC0-301F-11D3-BF4B-00C04F79EFBC}") = "StatBlockBusiness", "..\StatBlockBusiness\StatBlockBusiness.csproj", "{98D15FCA-817A-433F-BCCE-7661552FF167}"
	ProjectSection(ProjectDependencies) = postProject
		{2CC9FC2E-EBD9-4411-B504-BD059A929A2B} = {2CC9FC2E-EBD9-4411-B504-BD059A929A2B}
		{A8C1FC8A-C451-4FFA-A0F3-CC08FCEE2287} = {A8C1FC8A-C451-4FFA-A0F3-CC08FCEE2287}
		{0BAFD8AA-C5E5-44DF-91D6-81214D07ECFE} = {0BAFD8AA-C5E5-44DF-91D6-81214D07ECFE}
		{ADA196BC-3802-4D35-AB3D-1F6AD129795B} = {ADA196BC-3802-4D35-AB3D-1F6AD129795B}
	EndProjectSection
EndProject
Project("{2150E333-8FDC-42A3-9474-1A3956D46DE8}") = "StatBlock", "StatBlock", "{51E9CDB9-667A-4C7A-931C-2CED17674AE7}"
EndProject
Project("{2150E333-8FDC-42A3-9474-1A3956D46DE8}") = "DynamicLibraries", "DynamicLibraries", "{D57443A4-7415-4A96-89A6-9C6C704B2217}"
EndProject
Project("{2150E333-8FDC-42A3-9474-1A3956D46DE8}") = "Database", "Database", "{EDEB8F1B-CA8B-439D-B02C-4F80889BD0A3}"
EndProject
Project("{2150E333-8FDC-42A3-9474-1A3956D46DE8}") = "CommonHelpers", "CommonHelpers", "{CFAC1345-7BF0-4333-AD41-2028B7952B91}"
EndProject
Project("{FAE04EC0-301F-11D3-BF4B-00C04F79EFBC}") = "DatabaseInterfaces", "..\DatabaseInterfaces\DatabaseInterfaces.csproj", "{191483FA-D510-4A3E-ACCB-FE33101FD285}"
EndProject
Global
	GlobalSection(SolutionConfigurationPlatforms) = preSolution
		Debug|Any CPU = Debug|Any CPU
		Release|Any CPU = Release|Any CPU
	EndGlobalSection
	GlobalSection(ProjectConfigurationPlatforms) = postSolution
		{42C4667B-EA1A-485B-8E69-9B7DECE19466}.Debug|Any CPU.ActiveCfg = Debug|Any CPU
		{42C4667B-EA1A-485B-8E69-9B7DECE19466}.Debug|Any CPU.Build.0 = Debug|Any CPU
		{42C4667B-EA1A-485B-8E69-9B7DECE19466}.Release|Any CPU.ActiveCfg = Release|Any CPU
		{42C4667B-EA1A-485B-8E69-9B7DECE19466}.Release|Any CPU.Build.0 = Release|Any CPU
		{84E8B1E0-F43E-4ED6-947A-CCD6E5BA7A93}.Debug|Any CPU.ActiveCfg = Debug|Any CPU
		{84E8B1E0-F43E-4ED6-947A-CCD6E5BA7A93}.Debug|Any CPU.Build.0 = Debug|Any CPU
		{84E8B1E0-F43E-4ED6-947A-CCD6E5BA7A93}.Release|Any CPU.ActiveCfg = Release|Any CPU
		{84E8B1E0-F43E-4ED6-947A-CCD6E5BA7A93}.Release|Any CPU.Build.0 = Release|Any CPU
		{0005EF19-1535-461A-83D9-0DE4FBB46A2B}.Debug|Any CPU.ActiveCfg = Debug|Any CPU
		{0005EF19-1535-461A-83D9-0DE4FBB46A2B}.Debug|Any CPU.Build.0 = Debug|Any CPU
		{0005EF19-1535-461A-83D9-0DE4FBB46A2B}.Release|Any CPU.ActiveCfg = Release|Any CPU
		{0005EF19-1535-461A-83D9-0DE4FBB46A2B}.Release|Any CPU.Build.0 = Release|Any CPU
		{365AB3F4-BDC0-4A11-9501-172A9E669B0A}.Debug|Any CPU.ActiveCfg = Debug|Any CPU
		{365AB3F4-BDC0-4A11-9501-172A9E669B0A}.Debug|Any CPU.Build.0 = Debug|Any CPU
		{365AB3F4-BDC0-4A11-9501-172A9E669B0A}.Release|Any CPU.ActiveCfg = Release|Any CPU
		{365AB3F4-BDC0-4A11-9501-172A9E669B0A}.Release|Any CPU.Build.0 = Release|Any CPU
		{23332DB9-F44B-4D0C-8C00-F743F32F85D9}.Debug|Any CPU.ActiveCfg = Debug|Any CPU
		{23332DB9-F44B-4D0C-8C00-F743F32F85D9}.Debug|Any CPU.Build.0 = Debug|Any CPU
		{23332DB9-F44B-4D0C-8C00-F743F32F85D9}.Release|Any CPU.ActiveCfg = Release|Any CPU
		{23332DB9-F44B-4D0C-8C00-F743F32F85D9}.Release|Any CPU.Build.0 = Release|Any CPU
		{282F735A-63C1-4772-9CFB-0AF57DA37A49}.Debug|Any CPU.ActiveCfg = Debug|Any CPU
		{282F735A-63C1-4772-9CFB-0AF57DA37A49}.Debug|Any CPU.Build.0 = Debug|Any CPU
		{282F735A-63C1-4772-9CFB-0AF57DA37A49}.Release|Any CPU.ActiveCfg = Release|Any CPU
		{282F735A-63C1-4772-9CFB-0AF57DA37A49}.Release|Any CPU.Build.0 = Release|Any CPU
		{0EE5D692-78D2-46F8-BCFC-536FB25EEE91}.Debug|Any CPU.ActiveCfg = Debug|Any CPU
		{0EE5D692-78D2-46F8-BCFC-536FB25EEE91}.Debug|Any CPU.Build.0 = Debug|Any CPU
		{0EE5D692-78D2-46F8-BCFC-536FB25EEE91}.Release|Any CPU.ActiveCfg = Release|Any CPU
		{0EE5D692-78D2-46F8-BCFC-536FB25EEE91}.Release|Any CPU.Build.0 = Release|Any CPU
		{4D907D27-71F0-4553-83B0-01B54316891A}.Debug|Any CPU.ActiveCfg = Debug|Any CPU
		{4D907D27-71F0-4553-83B0-01B54316891A}.Debug|Any CPU.Build.0 = Debug|Any CPU
		{4D907D27-71F0-4553-83B0-01B54316891A}.Release|Any CPU.ActiveCfg = Release|Any CPU
		{4D907D27-71F0-4553-83B0-01B54316891A}.Release|Any CPU.Build.0 = Release|Any CPU
		{8537FCB2-9132-4C5A-B488-2F9371F9F45B}.Debug|Any CPU.ActiveCfg = Debug|Any CPU
		{8537FCB2-9132-4C5A-B488-2F9371F9F45B}.Debug|Any CPU.Build.0 = Debug|Any CPU
		{8537FCB2-9132-4C5A-B488-2F9371F9F45B}.Release|Any CPU.ActiveCfg = Release|Any CPU
		{8537FCB2-9132-4C5A-B488-2F9371F9F45B}.Release|Any CPU.Build.0 = Release|Any CPU
		{32479E1A-10CA-4ACD-B31E-93286E6BFF05}.Debug|Any CPU.ActiveCfg = Debug|Any CPU
		{32479E1A-10CA-4ACD-B31E-93286E6BFF05}.Debug|Any CPU.Build.0 = Debug|Any CPU
		{32479E1A-10CA-4ACD-B31E-93286E6BFF05}.Release|Any CPU.ActiveCfg = Release|Any CPU
		{32479E1A-10CA-4ACD-B31E-93286E6BFF05}.Release|Any CPU.Build.0 = Release|Any CPU
		{F2FB6A7E-B3E3-4310-A8B5-E18106C57301}.Debug|Any CPU.ActiveCfg = Debug|Any CPU
		{F2FB6A7E-B3E3-4310-A8B5-E18106C57301}.Debug|Any CPU.Build.0 = Debug|Any CPU
		{F2FB6A7E-B3E3-4310-A8B5-E18106C57301}.Release|Any CPU.ActiveCfg = Release|Any CPU
		{F2FB6A7E-B3E3-4310-A8B5-E18106C57301}.Release|Any CPU.Build.0 = Release|Any CPU
		{9BE22D60-08A8-4D06-9137-A85F75C0CB90}.Debug|Any CPU.ActiveCfg = Debug|Any CPU
		{9BE22D60-08A8-4D06-9137-A85F75C0CB90}.Debug|Any CPU.Build.0 = Debug|Any CPU
		{9BE22D60-08A8-4D06-9137-A85F75C0CB90}.Release|Any CPU.ActiveCfg = Release|Any CPU
		{9BE22D60-08A8-4D06-9137-A85F75C0CB90}.Release|Any CPU.Build.0 = Release|Any CPU
		{7030D192-2620-4BF9-997B-276F18A40C68}.Debug|Any CPU.ActiveCfg = Debug|Any CPU
		{7030D192-2620-4BF9-997B-276F18A40C68}.Debug|Any CPU.Build.0 = Debug|Any CPU
		{7030D192-2620-4BF9-997B-276F18A40C68}.Release|Any CPU.ActiveCfg = Release|Any CPU
		{7030D192-2620-4BF9-997B-276F18A40C68}.Release|Any CPU.Build.0 = Release|Any CPU
		{246808E9-2BB6-4B6C-ACCF-C3655583CC84}.Debug|Any CPU.ActiveCfg = Debug|Any CPU
		{246808E9-2BB6-4B6C-ACCF-C3655583CC84}.Debug|Any CPU.Build.0 = Debug|Any CPU
		{246808E9-2BB6-4B6C-ACCF-C3655583CC84}.Release|Any CPU.ActiveCfg = Release|Any CPU
		{246808E9-2BB6-4B6C-ACCF-C3655583CC84}.Release|Any CPU.Build.0 = Release|Any CPU
		{3091FD16-5D67-4C1F-AE73-180CA2EC66C6}.Debug|Any CPU.ActiveCfg = Debug|Any CPU
		{3091FD16-5D67-4C1F-AE73-180CA2EC66C6}.Debug|Any CPU.Build.0 = Debug|Any CPU
		{3091FD16-5D67-4C1F-AE73-180CA2EC66C6}.Release|Any CPU.ActiveCfg = Release|Any CPU
		{3091FD16-5D67-4C1F-AE73-180CA2EC66C6}.Release|Any CPU.Build.0 = Release|Any CPU
		{B13FA961-DB9F-4442-8303-0D86C4268B0D}.Debug|Any CPU.ActiveCfg = Debug|Any CPU
		{B13FA961-DB9F-4442-8303-0D86C4268B0D}.Debug|Any CPU.Build.0 = Debug|Any CPU
		{B13FA961-DB9F-4442-8303-0D86C4268B0D}.Release|Any CPU.ActiveCfg = Release|Any CPU
		{B13FA961-DB9F-4442-8303-0D86C4268B0D}.Release|Any CPU.Build.0 = Release|Any CPU
		{A86F4DA2-FA54-4DB5-87C2-786108E66F17}.Debug|Any CPU.ActiveCfg = Debug|Any CPU
		{A86F4DA2-FA54-4DB5-87C2-786108E66F17}.Debug|Any CPU.Build.0 = Debug|Any CPU
		{A86F4DA2-FA54-4DB5-87C2-786108E66F17}.Release|Any CPU.ActiveCfg = Release|Any CPU
		{A86F4DA2-FA54-4DB5-87C2-786108E66F17}.Release|Any CPU.Build.0 = Release|Any CPU
		{0235B1F3-3979-4907-A292-844BFEA3BEBF}.Debug|Any CPU.ActiveCfg = Debug|Any CPU
		{0235B1F3-3979-4907-A292-844BFEA3BEBF}.Debug|Any CPU.Build.0 = Debug|Any CPU
		{0235B1F3-3979-4907-A292-844BFEA3BEBF}.Release|Any CPU.ActiveCfg = Release|Any CPU
		{0235B1F3-3979-4907-A292-844BFEA3BEBF}.Release|Any CPU.Build.0 = Release|Any CPU
		{C7784B30-606E-4C83-8672-543C53B61FD9}.Debug|Any CPU.ActiveCfg = Debug|Any CPU
		{C7784B30-606E-4C83-8672-543C53B61FD9}.Debug|Any CPU.Build.0 = Debug|Any CPU
		{C7784B30-606E-4C83-8672-543C53B61FD9}.Release|Any CPU.ActiveCfg = Release|Any CPU
		{C7784B30-606E-4C83-8672-543C53B61FD9}.Release|Any CPU.Build.0 = Release|Any CPU
		{7D4485E6-4568-4EC2-AD47-88FFE5AFBFDB}.Debug|Any CPU.ActiveCfg = Debug|Any CPU
		{7D4485E6-4568-4EC2-AD47-88FFE5AFBFDB}.Debug|Any CPU.Build.0 = Debug|Any CPU
		{7D4485E6-4568-4EC2-AD47-88FFE5AFBFDB}.Release|Any CPU.ActiveCfg = Release|Any CPU
		{7D4485E6-4568-4EC2-AD47-88FFE5AFBFDB}.Release|Any CPU.Build.0 = Release|Any CPU
		{83456DB0-3CF0-43B6-BED9-BCE8EBDBF0CE}.Debug|Any CPU.ActiveCfg = Debug|Any CPU
		{83456DB0-3CF0-43B6-BED9-BCE8EBDBF0CE}.Debug|Any CPU.Build.0 = Debug|Any CPU
		{83456DB0-3CF0-43B6-BED9-BCE8EBDBF0CE}.Release|Any CPU.ActiveCfg = Release|Any CPU
		{83456DB0-3CF0-43B6-BED9-BCE8EBDBF0CE}.Release|Any CPU.Build.0 = Release|Any CPU
		{039EFC5F-EA94-4F55-8D7B-0C571569E000}.Debug|Any CPU.ActiveCfg = Debug|Any CPU
		{039EFC5F-EA94-4F55-8D7B-0C571569E000}.Debug|Any CPU.Build.0 = Debug|Any CPU
		{039EFC5F-EA94-4F55-8D7B-0C571569E000}.Release|Any CPU.ActiveCfg = Release|Any CPU
		{039EFC5F-EA94-4F55-8D7B-0C571569E000}.Release|Any CPU.Build.0 = Release|Any CPU
		{6692A464-3EE2-40F6-8F9B-5545E0CD49FA}.Debug|Any CPU.ActiveCfg = Debug|Any CPU
		{6692A464-3EE2-40F6-8F9B-5545E0CD49FA}.Debug|Any CPU.Build.0 = Debug|Any CPU
		{6692A464-3EE2-40F6-8F9B-5545E0CD49FA}.Release|Any CPU.ActiveCfg = Release|Any CPU
		{6692A464-3EE2-40F6-8F9B-5545E0CD49FA}.Release|Any CPU.Build.0 = Release|Any CPU
		{87BA0B82-4E95-4FB1-8415-EC53C5E19994}.Debug|Any CPU.ActiveCfg = Debug|Any CPU
		{87BA0B82-4E95-4FB1-8415-EC53C5E19994}.Debug|Any CPU.Build.0 = Debug|Any CPU
		{87BA0B82-4E95-4FB1-8415-EC53C5E19994}.Release|Any CPU.ActiveCfg = Release|Any CPU
		{87BA0B82-4E95-4FB1-8415-EC53C5E19994}.Release|Any CPU.Build.0 = Release|Any CPU
		{1C3EF30A-23F2-4B02-BCD7-3456DAF19E78}.Debug|Any CPU.ActiveCfg = Debug|Any CPU
		{1C3EF30A-23F2-4B02-BCD7-3456DAF19E78}.Debug|Any CPU.Build.0 = Debug|Any CPU
		{1C3EF30A-23F2-4B02-BCD7-3456DAF19E78}.Release|Any CPU.ActiveCfg = Release|Any CPU
		{1C3EF30A-23F2-4B02-BCD7-3456DAF19E78}.Release|Any CPU.Build.0 = Release|Any CPU
		{6E313AD1-5939-4F38-9F7C-05B66BEDAA8D}.Debug|Any CPU.ActiveCfg = Debug|Any CPU
		{6E313AD1-5939-4F38-9F7C-05B66BEDAA8D}.Debug|Any CPU.Build.0 = Debug|Any CPU
		{6E313AD1-5939-4F38-9F7C-05B66BEDAA8D}.Release|Any CPU.ActiveCfg = Release|Any CPU
		{6E313AD1-5939-4F38-9F7C-05B66BEDAA8D}.Release|Any CPU.Build.0 = Release|Any CPU
		{ADA196BC-3802-4D35-AB3D-1F6AD129795B}.Debug|Any CPU.ActiveCfg = Debug|Any CPU
		{ADA196BC-3802-4D35-AB3D-1F6AD129795B}.Debug|Any CPU.Build.0 = Debug|Any CPU
		{ADA196BC-3802-4D35-AB3D-1F6AD129795B}.Release|Any CPU.ActiveCfg = Release|Any CPU
		{ADA196BC-3802-4D35-AB3D-1F6AD129795B}.Release|Any CPU.Build.0 = Release|Any CPU
		{2CC9FC2E-EBD9-4411-B504-BD059A929A2B}.Debug|Any CPU.ActiveCfg = Debug|Any CPU
		{2CC9FC2E-EBD9-4411-B504-BD059A929A2B}.Debug|Any CPU.Build.0 = Debug|Any CPU
		{2CC9FC2E-EBD9-4411-B504-BD059A929A2B}.Release|Any CPU.ActiveCfg = Release|Any CPU
		{2CC9FC2E-EBD9-4411-B504-BD059A929A2B}.Release|Any CPU.Build.0 = Release|Any CPU
		{0E5B2239-D4EA-46D8-8F27-9A672E2C7451}.Debug|Any CPU.ActiveCfg = Debug|Any CPU
		{0E5B2239-D4EA-46D8-8F27-9A672E2C7451}.Debug|Any CPU.Build.0 = Debug|Any CPU
		{0E5B2239-D4EA-46D8-8F27-9A672E2C7451}.Release|Any CPU.ActiveCfg = Release|Any CPU
		{0E5B2239-D4EA-46D8-8F27-9A672E2C7451}.Release|Any CPU.Build.0 = Release|Any CPU
		{3C60F23E-854F-4496-9213-9AEDAD098444}.Debug|Any CPU.ActiveCfg = Debug|Any CPU
		{3C60F23E-854F-4496-9213-9AEDAD098444}.Debug|Any CPU.Build.0 = Debug|Any CPU
		{3C60F23E-854F-4496-9213-9AEDAD098444}.Release|Any CPU.ActiveCfg = Release|Any CPU
		{3C60F23E-854F-4496-9213-9AEDAD098444}.Release|Any CPU.Build.0 = Release|Any CPU
		{BE524E96-47CE-41B2-A379-E94EBA28A3E9}.Debug|Any CPU.ActiveCfg = Debug|Any CPU
		{BE524E96-47CE-41B2-A379-E94EBA28A3E9}.Debug|Any CPU.Build.0 = Debug|Any CPU
		{BE524E96-47CE-41B2-A379-E94EBA28A3E9}.Release|Any CPU.ActiveCfg = Release|Any CPU
		{BE524E96-47CE-41B2-A379-E94EBA28A3E9}.Release|Any CPU.Build.0 = Release|Any CPU
		{0BAFD8AA-C5E5-44DF-91D6-81214D07ECFE}.Debug|Any CPU.ActiveCfg = Debug|Any CPU
		{0BAFD8AA-C5E5-44DF-91D6-81214D07ECFE}.Debug|Any CPU.Build.0 = Debug|Any CPU
		{0BAFD8AA-C5E5-44DF-91D6-81214D07ECFE}.Release|Any CPU.ActiveCfg = Release|Any CPU
		{0BAFD8AA-C5E5-44DF-91D6-81214D07ECFE}.Release|Any CPU.Build.0 = Release|Any CPU
		{1B39309A-9797-4600-AF23-84B8F8BEBD45}.Debug|Any CPU.ActiveCfg = Debug|Any CPU
		{1B39309A-9797-4600-AF23-84B8F8BEBD45}.Debug|Any CPU.Build.0 = Debug|Any CPU
		{1B39309A-9797-4600-AF23-84B8F8BEBD45}.Release|Any CPU.ActiveCfg = Release|Any CPU
		{1B39309A-9797-4600-AF23-84B8F8BEBD45}.Release|Any CPU.Build.0 = Release|Any CPU
		{E6056806-15BB-4732-BE10-7E35F26FE255}.Debug|Any CPU.ActiveCfg = Debug|Any CPU
		{E6056806-15BB-4732-BE10-7E35F26FE255}.Debug|Any CPU.Build.0 = Debug|Any CPU
		{E6056806-15BB-4732-BE10-7E35F26FE255}.Release|Any CPU.ActiveCfg = Release|Any CPU
		{E6056806-15BB-4732-BE10-7E35F26FE255}.Release|Any CPU.Build.0 = Release|Any CPU
		{E8676EEC-789A-4B78-92B2-04859A5F323F}.Debug|Any CPU.ActiveCfg = Debug|Any CPU
		{E8676EEC-789A-4B78-92B2-04859A5F323F}.Debug|Any CPU.Build.0 = Debug|Any CPU
		{E8676EEC-789A-4B78-92B2-04859A5F323F}.Release|Any CPU.ActiveCfg = Release|Any CPU
		{E8676EEC-789A-4B78-92B2-04859A5F323F}.Release|Any CPU.Build.0 = Release|Any CPU
		{39FF2041-705B-41F3-AC05-B98CD1D0F434}.Debug|Any CPU.ActiveCfg = Debug|Any CPU
		{39FF2041-705B-41F3-AC05-B98CD1D0F434}.Debug|Any CPU.Build.0 = Debug|Any CPU
		{39FF2041-705B-41F3-AC05-B98CD1D0F434}.Release|Any CPU.ActiveCfg = Release|Any CPU
		{39FF2041-705B-41F3-AC05-B98CD1D0F434}.Release|Any CPU.Build.0 = Release|Any CPU
		{10E6F20D-42F7-4474-B7F1-D218619227FD}.Debug|Any CPU.ActiveCfg = Debug|Any CPU
		{10E6F20D-42F7-4474-B7F1-D218619227FD}.Debug|Any CPU.Build.0 = Debug|Any CPU
		{10E6F20D-42F7-4474-B7F1-D218619227FD}.Release|Any CPU.ActiveCfg = Release|Any CPU
		{10E6F20D-42F7-4474-B7F1-D218619227FD}.Release|Any CPU.Build.0 = Release|Any CPU
		{AA8B479C-7AE9-4155-8FF9-724CD3D69387}.Debug|Any CPU.ActiveCfg = Debug|Any CPU
		{AA8B479C-7AE9-4155-8FF9-724CD3D69387}.Debug|Any CPU.Build.0 = Debug|Any CPU
		{AA8B479C-7AE9-4155-8FF9-724CD3D69387}.Release|Any CPU.ActiveCfg = Release|Any CPU
		{AA8B479C-7AE9-4155-8FF9-724CD3D69387}.Release|Any CPU.Build.0 = Release|Any CPU
		{A8C1FC8A-C451-4FFA-A0F3-CC08FCEE2287}.Debug|Any CPU.ActiveCfg = Debug|Any CPU
		{A8C1FC8A-C451-4FFA-A0F3-CC08FCEE2287}.Debug|Any CPU.Build.0 = Debug|Any CPU
		{A8C1FC8A-C451-4FFA-A0F3-CC08FCEE2287}.Release|Any CPU.ActiveCfg = Release|Any CPU
		{A8C1FC8A-C451-4FFA-A0F3-CC08FCEE2287}.Release|Any CPU.Build.0 = Release|Any CPU
		{40395776-6873-484A-A475-3C01D8075B0F}.Debug|Any CPU.ActiveCfg = Debug|Any CPU
		{40395776-6873-484A-A475-3C01D8075B0F}.Debug|Any CPU.Build.0 = Debug|Any CPU
		{40395776-6873-484A-A475-3C01D8075B0F}.Release|Any CPU.ActiveCfg = Release|Any CPU
		{40395776-6873-484A-A475-3C01D8075B0F}.Release|Any CPU.Build.0 = Release|Any CPU
		{D16FB54D-DE91-400A-B27E-07BD143808C1}.Debug|Any CPU.ActiveCfg = Debug|Any CPU
		{D16FB54D-DE91-400A-B27E-07BD143808C1}.Debug|Any CPU.Build.0 = Debug|Any CPU
		{D16FB54D-DE91-400A-B27E-07BD143808C1}.Release|Any CPU.ActiveCfg = Release|Any CPU
		{D16FB54D-DE91-400A-B27E-07BD143808C1}.Release|Any CPU.Build.0 = Release|Any CPU
		{98D15FCA-817A-433F-BCCE-7661552FF167}.Debug|Any CPU.ActiveCfg = Debug|Any CPU
		{98D15FCA-817A-433F-BCCE-7661552FF167}.Debug|Any CPU.Build.0 = Debug|Any CPU
		{98D15FCA-817A-433F-BCCE-7661552FF167}.Release|Any CPU.ActiveCfg = Release|Any CPU
		{98D15FCA-817A-433F-BCCE-7661552FF167}.Release|Any CPU.Build.0 = Release|Any CPU
		{191483FA-D510-4A3E-ACCB-FE33101FD285}.Debug|Any CPU.ActiveCfg = Debug|Any CPU
		{191483FA-D510-4A3E-ACCB-FE33101FD285}.Debug|Any CPU.Build.0 = Debug|Any CPU
		{191483FA-D510-4A3E-ACCB-FE33101FD285}.Release|Any CPU.ActiveCfg = Release|Any CPU
		{191483FA-D510-4A3E-ACCB-FE33101FD285}.Release|Any CPU.Build.0 = Release|Any CPU
	EndGlobalSection
	GlobalSection(SolutionProperties) = preSolution
		HideSolutionNode = FALSE
	EndGlobalSection
	GlobalSection(NestedProjects) = preSolution
		{42C4667B-EA1A-485B-8E69-9B7DECE19466} = {D57443A4-7415-4A96-89A6-9C6C704B2217}
		{365AB3F4-BDC0-4A11-9501-172A9E669B0A} = {CFAC1345-7BF0-4333-AD41-2028B7952B91}
		{23332DB9-F44B-4D0C-8C00-F743F32F85D9} = {CFAC1345-7BF0-4333-AD41-2028B7952B91}
		{282F735A-63C1-4772-9CFB-0AF57DA37A49} = {CFAC1345-7BF0-4333-AD41-2028B7952B91}
		{0EE5D692-78D2-46F8-BCFC-536FB25EEE91} = {CFAC1345-7BF0-4333-AD41-2028B7952B91}
		{8537FCB2-9132-4C5A-B488-2F9371F9F45B} = {D57443A4-7415-4A96-89A6-9C6C704B2217}
		{32479E1A-10CA-4ACD-B31E-93286E6BFF05} = {D57443A4-7415-4A96-89A6-9C6C704B2217}
		{F2FB6A7E-B3E3-4310-A8B5-E18106C57301} = {D57443A4-7415-4A96-89A6-9C6C704B2217}
		{9BE22D60-08A8-4D06-9137-A85F75C0CB90} = {D57443A4-7415-4A96-89A6-9C6C704B2217}
		{7030D192-2620-4BF9-997B-276F18A40C68} = {D57443A4-7415-4A96-89A6-9C6C704B2217}
		{246808E9-2BB6-4B6C-ACCF-C3655583CC84} = {D57443A4-7415-4A96-89A6-9C6C704B2217}
		{3091FD16-5D67-4C1F-AE73-180CA2EC66C6} = {D57443A4-7415-4A96-89A6-9C6C704B2217}
		{0235B1F3-3979-4907-A292-844BFEA3BEBF} = {D57443A4-7415-4A96-89A6-9C6C704B2217}
		{C7784B30-606E-4C83-8672-543C53B61FD9} = {D57443A4-7415-4A96-89A6-9C6C704B2217}
		{7D4485E6-4568-4EC2-AD47-88FFE5AFBFDB} = {D57443A4-7415-4A96-89A6-9C6C704B2217}
		{83456DB0-3CF0-43B6-BED9-BCE8EBDBF0CE} = {D57443A4-7415-4A96-89A6-9C6C704B2217}
		{039EFC5F-EA94-4F55-8D7B-0C571569E000} = {D57443A4-7415-4A96-89A6-9C6C704B2217}
		{6692A464-3EE2-40F6-8F9B-5545E0CD49FA} = {D57443A4-7415-4A96-89A6-9C6C704B2217}
		{87BA0B82-4E95-4FB1-8415-EC53C5E19994} = {D57443A4-7415-4A96-89A6-9C6C704B2217}
		{1C3EF30A-23F2-4B02-BCD7-3456DAF19E78} = {D57443A4-7415-4A96-89A6-9C6C704B2217}
		{6E313AD1-5939-4F38-9F7C-05B66BEDAA8D} = {D57443A4-7415-4A96-89A6-9C6C704B2217}
		{ADA196BC-3802-4D35-AB3D-1F6AD129795B} = {EDEB8F1B-CA8B-439D-B02C-4F80889BD0A3}
		{2CC9FC2E-EBD9-4411-B504-BD059A929A2B} = {EDEB8F1B-CA8B-439D-B02C-4F80889BD0A3}
		{3C60F23E-854F-4496-9213-9AEDAD098444} = {EDEB8F1B-CA8B-439D-B02C-4F80889BD0A3}
		{BE524E96-47CE-41B2-A379-E94EBA28A3E9} = {CFAC1345-7BF0-4333-AD41-2028B7952B91}
		{0BAFD8AA-C5E5-44DF-91D6-81214D07ECFE} = {51E9CDB9-667A-4C7A-931C-2CED17674AE7}
		{1B39309A-9797-4600-AF23-84B8F8BEBD45} = {D57443A4-7415-4A96-89A6-9C6C704B2217}
		{E6056806-15BB-4732-BE10-7E35F26FE255} = {D57443A4-7415-4A96-89A6-9C6C704B2217}
		{E8676EEC-789A-4B78-92B2-04859A5F323F} = {D57443A4-7415-4A96-89A6-9C6C704B2217}
		{39FF2041-705B-41F3-AC05-B98CD1D0F434} = {51E9CDB9-667A-4C7A-931C-2CED17674AE7}
		{A8C1FC8A-C451-4FFA-A0F3-CC08FCEE2287} = {CFAC1345-7BF0-4333-AD41-2028B7952B91}
		{40395776-6873-484A-A475-3C01D8075B0F} = {51E9CDB9-667A-4C7A-931C-2CED17674AE7}
		{D16FB54D-DE91-400A-B27E-07BD143808C1} = {51E9CDB9-667A-4C7A-931C-2CED17674AE7}
		{98D15FCA-817A-433F-BCCE-7661552FF167} = {51E9CDB9-667A-4C7A-931C-2CED17674AE7}
		{191483FA-D510-4A3E-ACCB-FE33101FD285} = {EDEB8F1B-CA8B-439D-B02C-4F80889BD0A3}
	EndGlobalSection
	GlobalSection(ExtensibilityGlobals) = postSolution
		SolutionGuid = {14A6FA62-2184-4B7F-91CE-0290703FD2C9}
	EndGlobalSection
EndGlobal
